{
  "requires": true,
  "lockfileVersion": 1,
  "dependencies": {
    "core-js": {
      "version": "3.0.1",
      "resolved": "https://registry.npmjs.org/core-js/-/core-js-3.0.1.tgz",
      "integrity": "sha512-sco40rF+2KlE0ROMvydjkrVMMG1vYilP2ALoRXcYR4obqbYIuV3Bg+51GEDW+HF8n7NRA+iaA4qD0nD9lo9mew=="
    },
    "custom-event-polyfill": {
      "version": "1.0.7",
      "resolved": "https://registry.npmjs.org/custom-event-polyfill/-/custom-event-polyfill-1.0.7.tgz",
      "integrity": "sha512-TDDkd5DkaZxZFM8p+1I3yAlvM3rSr1wbrOliG4yJiwinMZN8z/iGL7BTlDkrJcYTmgUSb4ywVCc3ZaUtOtC76w=="
    },
    "loadjs": {
      "version": "3.6.1",
      "resolved": "https://registry.npmjs.org/loadjs/-/loadjs-3.6.1.tgz",
      "integrity": "sha512-AZEBw2GWdJk2IzBgQ+Wohoao5j+t0rajqK8dJu8jQqgYxDTxhmCt0ayMo/vCa0ZAMvZxnJcam6uLICfnVd8KAw=="
    },
    "plyr": {
      "version": "3.5.3",
      "resolved": "https://registry.npmjs.org/plyr/-/plyr-3.5.3.tgz",
      "integrity": "sha512-drxaK8kq4FYHb5DoExlMKAP28z0cD8/3L/7Cuv8XigxJBp1Sz9VZCGapejA4DLWkurp9YbN/1+FcmEQRCodqfg==",
      "requires": {
        "core-js": "^3.0.1",
        "custom-event-polyfill": "^1.0.7",
        "loadjs": "^3.6.1",
        "rangetouch": "^2.0.0",
        "raven-js": "^3.27.0",
        "url-polyfill": "^1.1.5"
      }
    },
    "rangetouch": {
      "version": "2.0.0",
      "resolved": "https://registry.npmjs.org/rangetouch/-/rangetouch-2.0.0.tgz",
      "integrity": "sha512-y66wTFbwh7KafYligRsmIYYR1kZY8U9tGHH9PgbVhBUFmGzPMsOSjslXPedgR5D3M9W1QKVbAf1AtaVAt7JJTw=="
    },
    "raven-js": {
      "version": "3.27.0",
      "resolved": "https://registry.npmjs.org/raven-js/-/raven-js-3.27.0.tgz",
      "integrity": "sha512-vChdOL+yzecfnGA+B5EhEZkJ3kY3KlMzxEhShKh6Vdtooyl0yZfYNFQfYzgMf2v4pyQa+OTZ5esTxxgOOZDHqw=="
    },
    "url-polyfill": {
      "version": "1.1.5",
      "resolved": "https://registry.npmjs.org/url-polyfill/-/url-polyfill-1.1.5.tgz",
      "integrity": "sha512-9XjIJ6nwrU+nGd8t90Ze0Zs7t8A+SU0gqsqPttj6j3zAVe5q0HFcuv37nDBdVSPpi4aTHTfbUF/i+ZVD+o2EbA=="
    }
  }
}
